
Microsoft Visual Studio Solution File, Format Version 12.00
# Visual Studio Version 16
VisualStudioVersion = 16.0.31205.134
MinimumVisualStudioVersion = 10.0.40219.1
Project("{FAE04EC0-301F-11D3-BF4B-00C04F79EFBC}") = "BookListMVC", "BookListMVC\BookListMVC.csproj", "{B6164058-150C-49EC-9C0B-DD1E4F63BE07}"
EndProject
Global
	GlobalSection(SolutionConfigurationPlatforms) = preSolution
		Debug|Any CPU = Debug|Any CPU
		Release|Any CPU = Release|Any CPU
	EndGlobalSection
	GlobalSection(ProjectConfigurationPlatforms) = postSolution
		{B6164058-150C-49EC-9C0B-DD1E4F63BE07}.Debug|Any CPU.ActiveCfg = Debug|Any CPU
		{B6164058-150C-49EC-9C0B-DD1E4F63BE07}.Debug|Any CPU.Build.0 = Debug|Any CPU
		{B6164058-150C-49EC-9C0B-DD1E4F63BE07}.Release|Any CPU.ActiveCfg = Release|Any CPU
		{B6164058-150C-49EC-9C0B-DD1E4F63BE07}.Release|Any CPU.Build.0 = Release|Any CPU
	EndGlobalSection
	GlobalSection(SolutionProperties) = preSolution
		HideSolutionNode = FALSE
	EndGlobalSection
	GlobalSection(ExtensibilityGlobals) = postSolution
		SolutionGuid = {99D714F2-DCD1-4144-AAF7-822665663C0E}
	EndGlobalSection
EndGlobal
